
Microsoft Visual Studio Solution File, Format Version 12.00
# Visual Studio Version 16
VisualStudioVersion = 16.0.31605.320
MinimumVisualStudioVersion = 10.0.40219.1
Project("{FAE04EC0-301F-11D3-BF4B-00C04F79EFBC}") = "The_mad_nice_guy", "The_mad_nice_guy\The_mad_nice_guy.csproj", "{C0A3C71F-68F4-4AE7-84A6-AE4154177280}"
EndProject
Global
	GlobalSection(SolutionConfigurationPlatforms) = preSolution
		Debug|Any CPU = Debug|Any CPU
		Release|Any CPU = Release|Any CPU
	EndGlobalSection
	GlobalSection(ProjectConfigurationPlatforms) = postSolution
		{C0A3C71F-68F4-4AE7-84A6-AE4154177280}.Debug|Any CPU.ActiveCfg = Debug|Any CPU
		{C0A3C71F-68F4-4AE7-84A6-AE4154177280}.Debug|Any CPU.Build.0 = Debug|Any CPU
		{C0A3C71F-68F4-4AE7-84A6-AE4154177280}.Release|Any CPU.ActiveCfg = Release|Any CPU
		{C0A3C71F-68F4-4AE7-84A6-AE4154177280}.Release|Any CPU.Build.0 = Release|Any CPU
	EndGlobalSection
	GlobalSection(SolutionProperties) = preSolution
		HideSolutionNode = FALSE
	EndGlobalSection
	GlobalSection(ExtensibilityGlobals) = postSolution
		SolutionGuid = {6AF77F55-3EC1-4B6A-8356-0CEB7712FA32}
	EndGlobalSection
EndGlobal
